
Microsoft Visual Studio Solution File, Format Version 12.00
# Visual Studio 2012
Project("{f2a71f9b-5d33-465a-a702-920d77279786}") = "TheSuperTinyCompiler.FSharp", "TheSuperTinyCompiler.FSharp\TheSuperTinyCompiler.FSharp.fsproj", "{FD1D5C61-5BC1-4C45-81D1-694F45C4194A}"
EndProject
Global
	GlobalSection(SolutionConfigurationPlatforms) = preSolution
		Debug|x86 = Debug|x86
		Release|x86 = Release|x86
	EndGlobalSection
	GlobalSection(ProjectConfigurationPlatforms) = postSolution
		{FD1D5C61-5BC1-4C45-81D1-694F45C4194A}.Debug|x86.ActiveCfg = Debug|x86
		{FD1D5C61-5BC1-4C45-81D1-694F45C4194A}.Debug|x86.Build.0 = Debug|x86
		{FD1D5C61-5BC1-4C45-81D1-694F45C4194A}.Release|x86.ActiveCfg = Release|x86
		{FD1D5C61-5BC1-4C45-81D1-694F45C4194A}.Release|x86.Build.0 = Release|x86
	EndGlobalSection
EndGlobal
